
Microsoft Visual Studio Solution File, Format Version 12.00
# Visual Studio Version 17
VisualStudioVersion = 17.8.34330.188
MinimumVisualStudioVersion = 10.0.40219.1
Project("{FAE04EC0-301F-11D3-BF4B-00C04F79EFBC}") = "API", "API\API.csproj", "{318796D6-CE4A-4DE1-BF54-D024F049ACB5}"
EndProject
Project("{FAE04EC0-301F-11D3-BF4B-00C04F79EFBC}") = "JAVNI Modul", "JAVNI Modul\JAVNI Modul.csproj", "{BD62C3CB-9C1D-4813-BD1C-574CB6B6F9AB}"
EndProject
Project("{FAE04EC0-301F-11D3-BF4B-00C04F79EFBC}") = "ADMINISTRATIVNI Modul", "ADMINISTRATIVNI Modul\ADMINISTRATIVNI Modul.csproj", "{59C1F39F-B3C4-494B-A10C-65969D613CD0}"
EndProject
Global
	GlobalSection(SolutionConfigurationPlatforms) = preSolution
		Debug|Any CPU = Debug|Any CPU
		Release|Any CPU = Release|Any CPU
	EndGlobalSection
	GlobalSection(ProjectConfigurationPlatforms) = postSolution
		{318796D6-CE4A-4DE1-BF54-D024F049ACB5}.Debug|Any CPU.ActiveCfg = Debug|Any CPU
		{318796D6-CE4A-4DE1-BF54-D024F049ACB5}.Debug|Any CPU.Build.0 = Debug|Any CPU
		{318796D6-CE4A-4DE1-BF54-D024F049ACB5}.Release|Any CPU.ActiveCfg = Release|Any CPU
		{318796D6-CE4A-4DE1-BF54-D024F049ACB5}.Release|Any CPU.Build.0 = Release|Any CPU
		{BD62C3CB-9C1D-4813-BD1C-574CB6B6F9AB}.Debug|Any CPU.ActiveCfg = Debug|Any CPU
		{BD62C3CB-9C1D-4813-BD1C-574CB6B6F9AB}.Debug|Any CPU.Build.0 = Debug|Any CPU
		{BD62C3CB-9C1D-4813-BD1C-574CB6B6F9AB}.Release|Any CPU.ActiveCfg = Release|Any CPU
		{BD62C3CB-9C1D-4813-BD1C-574CB6B6F9AB}.Release|Any CPU.Build.0 = Release|Any CPU
		{59C1F39F-B3C4-494B-A10C-65969D613CD0}.Debug|Any CPU.ActiveCfg = Debug|Any CPU
		{59C1F39F-B3C4-494B-A10C-65969D613CD0}.Debug|Any CPU.Build.0 = Debug|Any CPU
		{59C1F39F-B3C4-494B-A10C-65969D613CD0}.Release|Any CPU.ActiveCfg = Release|Any CPU
		{59C1F39F-B3C4-494B-A10C-65969D613CD0}.Release|Any CPU.Build.0 = Release|Any CPU
	EndGlobalSection
	GlobalSection(SolutionProperties) = preSolution
		HideSolutionNode = FALSE
	EndGlobalSection
	GlobalSection(ExtensibilityGlobals) = postSolution
		SolutionGuid = {1E73EDBD-43A9-4417-AB27-F907D8F780E5}
	EndGlobalSection
EndGlobal
